
Microsoft Visual Studio Solution File, Format Version 12.00
# Visual Studio 15
VisualStudioVersion = 15.0.28010.2048
MinimumVisualStudioVersion = 10.0.40219.1
Project("{FAE04EC0-301F-11D3-BF4B-00C04F79EFBC}") = "QUAZ", "QUAZ\QUAZ.csproj", "{AF4FF539-1CB9-42C3-9B4B-6C50AC2FF16D}"
EndProject
Global
	GlobalSection(SolutionConfigurationPlatforms) = preSolution
		Debug|Any CPU = Debug|Any CPU
		Release|Any CPU = Release|Any CPU
	EndGlobalSection
	GlobalSection(ProjectConfigurationPlatforms) = postSolution
		{AF4FF539-1CB9-42C3-9B4B-6C50AC2FF16D}.Debug|Any CPU.ActiveCfg = Debug|Any CPU
		{AF4FF539-1CB9-42C3-9B4B-6C50AC2FF16D}.Debug|Any CPU.Build.0 = Debug|Any CPU
		{AF4FF539-1CB9-42C3-9B4B-6C50AC2FF16D}.Release|Any CPU.ActiveCfg = Release|Any CPU
		{AF4FF539-1CB9-42C3-9B4B-6C50AC2FF16D}.Release|Any CPU.Build.0 = Release|Any CPU
	EndGlobalSection
	GlobalSection(SolutionProperties) = preSolution
		HideSolutionNode = FALSE
	EndGlobalSection
	GlobalSection(ExtensibilityGlobals) = postSolution
		SolutionGuid = {7C91C8C0-F8CB-47D6-B9CC-25D93145D765}
	EndGlobalSection
EndGlobal
